
Microsoft Visual Studio Solution File, Format Version 12.00
# Visual Studio Version 17
VisualStudioVersion = 17.6.33723.286
MinimumVisualStudioVersion = 10.0.40219.1
Project("{FAE04EC0-301F-11D3-BF4B-00C04F79EFBC}") = "OpenInstaller", "OpenInstaller\OpenInstaller.csproj", "{8BAAAA4E-B095-4FFF-82EE-4C4BC2BEF1F4}"
EndProject
Global
	GlobalSection(SolutionConfigurationPlatforms) = preSolution
		Debug|Any CPU = Debug|Any CPU
		Release|Any CPU = Release|Any CPU
	EndGlobalSection
	GlobalSection(ProjectConfigurationPlatforms) = postSolution
		{8BAAAA4E-B095-4FFF-82EE-4C4BC2BEF1F4}.Debug|Any CPU.ActiveCfg = Debug|Any CPU
		{8BAAAA4E-B095-4FFF-82EE-4C4BC2BEF1F4}.Debug|Any CPU.Build.0 = Debug|Any CPU
		{8BAAAA4E-B095-4FFF-82EE-4C4BC2BEF1F4}.Release|Any CPU.ActiveCfg = Release|Any CPU
		{8BAAAA4E-B095-4FFF-82EE-4C4BC2BEF1F4}.Release|Any CPU.Build.0 = Release|Any CPU
	EndGlobalSection
	GlobalSection(SolutionProperties) = preSolution
		HideSolutionNode = FALSE
	EndGlobalSection
	GlobalSection(ExtensibilityGlobals) = postSolution
		SolutionGuid = {C4B67114-3F25-42CC-9556-BEFFDC45EB2C}
	EndGlobalSection
EndGlobal
